
Microsoft Visual Studio Solution File, Format Version 12.00
# Visual Studio 14
VisualStudioVersion = 14.0.22609.0
MinimumVisualStudioVersion = 10.0.40219.1
Project("{FAE04EC0-301F-11D3-BF4B-00C04F79EFBC}") = "ClassLibrary1", "ClassLibrary1\ClassLibrary1.csproj", "{82D982F7-D198-4A17-AE1B-6C25739BEE1A}"
EndProject
Project("{FAE04EC0-301F-11D3-BF4B-00C04F79EFBC}") = "ConsoleApplication1", "ConsoleApplication1\ConsoleApplication1.csproj", "{279B702C-1CD8-4969-B747-87466334229E}"
EndProject
Project("{FAE04EC0-301F-11D3-BF4B-00C04F79EFBC}") = "WpfApplication1", "WpfApplication1\WpfApplication1.csproj", "{8931F0CF-7F81-4A2D-BFE9-A8C4BA33C9F1}"
EndProject
Global
	GlobalSection(SolutionConfigurationPlatforms) = preSolution
		Debug|Any CPU = Debug|Any CPU
		Release|Any CPU = Release|Any CPU
	EndGlobalSection
	GlobalSection(ProjectConfigurationPlatforms) = postSolution
		{82D982F7-D198-4A17-AE1B-6C25739BEE1A}.Debug|Any CPU.ActiveCfg = Debug|Any CPU
		{82D982F7-D198-4A17-AE1B-6C25739BEE1A}.Debug|Any CPU.Build.0 = Debug|Any CPU
		{82D982F7-D198-4A17-AE1B-6C25739BEE1A}.Release|Any CPU.ActiveCfg = Release|Any CPU
		{82D982F7-D198-4A17-AE1B-6C25739BEE1A}.Release|Any CPU.Build.0 = Release|Any CPU
		{279B702C-1CD8-4969-B747-87466334229E}.Debug|Any CPU.ActiveCfg = Debug|Any CPU
		{279B702C-1CD8-4969-B747-87466334229E}.Debug|Any CPU.Build.0 = Debug|Any CPU
		{279B702C-1CD8-4969-B747-87466334229E}.Release|Any CPU.ActiveCfg = Release|Any CPU
		{279B702C-1CD8-4969-B747-87466334229E}.Release|Any CPU.Build.0 = Release|Any CPU
		{8931F0CF-7F81-4A2D-BFE9-A8C4BA33C9F1}.Debug|Any CPU.ActiveCfg = Debug|Any CPU
		{8931F0CF-7F81-4A2D-BFE9-A8C4BA33C9F1}.Debug|Any CPU.Build.0 = Debug|Any CPU
		{8931F0CF-7F81-4A2D-BFE9-A8C4BA33C9F1}.Release|Any CPU.ActiveCfg = Release|Any CPU
		{8931F0CF-7F81-4A2D-BFE9-A8C4BA33C9F1}.Release|Any CPU.Build.0 = Release|Any CPU
	EndGlobalSection
	GlobalSection(SolutionProperties) = preSolution
		HideSolutionNode = FALSE
	EndGlobalSection
EndGlobal
