
Microsoft Visual Studio Solution File, Format Version 12.00
# Visual Studio 14
VisualStudioVersion = 14.0.22609.0
MinimumVisualStudioVersion = 10.0.40219.1
Project("{2150E333-8FDC-42A3-9474-1A3956D46DE8}") = "Standard", "Standard", "{85936665-95B7-41EF-8FE1-4A2E189270C1}"
EndProject
Project("{2150E333-8FDC-42A3-9474-1A3956D46DE8}") = "asp.net5", "asp.net5", "{EA595EF7-5E89-4C5D-BFCF-3871929B609D}"
EndProject
Project("{FAE04EC0-301F-11D3-BF4B-00C04F79EFBC}") = "ClassLibrary1", "standard\ClassLibrary1\ClassLibrary1.csproj", "{82D982F7-D198-4A17-AE1B-6C25739BEE1A}"
EndProject
Project("{FAE04EC0-301F-11D3-BF4B-00C04F79EFBC}") = "WpfApplication1", "standard\WpfApplication1\WpfApplication1.csproj", "{8931F0CF-7F81-4A2D-BFE9-A8C4BA33C9F1}"
EndProject
Project("{FAE04EC0-301F-11D3-BF4B-00C04F79EFBC}") = "ConsoleApplication1", "standard\ConsoleApplication1\ConsoleApplication1.csproj", "{279B702C-1CD8-4969-B747-87466334229E}"
EndProject
Project("{FAE04EC0-301F-11D3-BF4B-00C04F79EFBC}") = "Project1", "standard\Project1\Project1.csproj", "{80B70D0B-3CE0-41D0-A0C5-3AB774621E82}"
EndProject
Project("{8BB2217D-0F2D-49D1-97BC-3654ED321F3B}") = "ClassLibrary2", "asp.net5\ClassLibrary2\ClassLibrary2.kproj", "{403B8CB6-B8FA-4703-843F-C408455BA126}"
EndProject
Project("{8BB2217D-0F2D-49D1-97BC-3654ED321F3B}") = "ConsoleApp1", "asp.net5\ConsoleApp1\ConsoleApp1.kproj", "{46B4BACC-84E7-4A9D-8AE1-1036EAA993E4}"
EndProject
Project("{8BB2217D-0F2D-49D1-97BC-3654ED321F3B}") = "StarterWeb", "asp.net5\StarterWeb\StarterWeb.kproj", "{EE423AE5-2CC8-4AE0-BF4D-630B729BC7AB}"
EndProject
Project("{8BB2217D-0F2D-49D1-97BC-3654ED321F3B}") = "WebApi", "asp.net5\WebApi\WebApi.kproj", "{C764E927-1113-4921-A473-DC95B8040098}"
EndProject
Project("{8BB2217D-0F2D-49D1-97BC-3654ED321F3B}") = "EmptyWeb", "asp.net5\EmptyWeb\EmptyWeb.kproj", "{F289936B-568C-4801-A824-E88928AB1D83}"
EndProject
Global
	GlobalSection(SolutionConfigurationPlatforms) = preSolution
		Debug|Any CPU = Debug|Any CPU
		Release|Any CPU = Release|Any CPU
	EndGlobalSection
	GlobalSection(ProjectConfigurationPlatforms) = postSolution
		{82D982F7-D198-4A17-AE1B-6C25739BEE1A}.Debug|Any CPU.ActiveCfg = Debug|Any CPU
		{82D982F7-D198-4A17-AE1B-6C25739BEE1A}.Debug|Any CPU.Build.0 = Debug|Any CPU
		{82D982F7-D198-4A17-AE1B-6C25739BEE1A}.Release|Any CPU.ActiveCfg = Release|Any CPU
		{82D982F7-D198-4A17-AE1B-6C25739BEE1A}.Release|Any CPU.Build.0 = Release|Any CPU
		{8931F0CF-7F81-4A2D-BFE9-A8C4BA33C9F1}.Debug|Any CPU.ActiveCfg = Debug|Any CPU
		{8931F0CF-7F81-4A2D-BFE9-A8C4BA33C9F1}.Debug|Any CPU.Build.0 = Debug|Any CPU
		{8931F0CF-7F81-4A2D-BFE9-A8C4BA33C9F1}.Release|Any CPU.ActiveCfg = Release|Any CPU
		{8931F0CF-7F81-4A2D-BFE9-A8C4BA33C9F1}.Release|Any CPU.Build.0 = Release|Any CPU
		{279B702C-1CD8-4969-B747-87466334229E}.Debug|Any CPU.ActiveCfg = Debug|Any CPU
		{279B702C-1CD8-4969-B747-87466334229E}.Debug|Any CPU.Build.0 = Debug|Any CPU
		{279B702C-1CD8-4969-B747-87466334229E}.Release|Any CPU.ActiveCfg = Release|Any CPU
		{279B702C-1CD8-4969-B747-87466334229E}.Release|Any CPU.Build.0 = Release|Any CPU
		{80B70D0B-3CE0-41D0-A0C5-3AB774621E82}.Debug|Any CPU.ActiveCfg = Debug|Any CPU
		{80B70D0B-3CE0-41D0-A0C5-3AB774621E82}.Debug|Any CPU.Build.0 = Debug|Any CPU
		{80B70D0B-3CE0-41D0-A0C5-3AB774621E82}.Release|Any CPU.ActiveCfg = Release|Any CPU
		{80B70D0B-3CE0-41D0-A0C5-3AB774621E82}.Release|Any CPU.Build.0 = Release|Any CPU
		{403B8CB6-B8FA-4703-843F-C408455BA126}.Debug|Any CPU.ActiveCfg = Debug|Any CPU
		{403B8CB6-B8FA-4703-843F-C408455BA126}.Debug|Any CPU.Build.0 = Debug|Any CPU
		{403B8CB6-B8FA-4703-843F-C408455BA126}.Release|Any CPU.ActiveCfg = Release|Any CPU
		{403B8CB6-B8FA-4703-843F-C408455BA126}.Release|Any CPU.Build.0 = Release|Any CPU
		{46B4BACC-84E7-4A9D-8AE1-1036EAA993E4}.Debug|Any CPU.ActiveCfg = Debug|Any CPU
		{46B4BACC-84E7-4A9D-8AE1-1036EAA993E4}.Debug|Any CPU.Build.0 = Debug|Any CPU
		{46B4BACC-84E7-4A9D-8AE1-1036EAA993E4}.Release|Any CPU.ActiveCfg = Release|Any CPU
		{46B4BACC-84E7-4A9D-8AE1-1036EAA993E4}.Release|Any CPU.Build.0 = Release|Any CPU
		{EE423AE5-2CC8-4AE0-BF4D-630B729BC7AB}.Debug|Any CPU.ActiveCfg = Debug|Any CPU
		{EE423AE5-2CC8-4AE0-BF4D-630B729BC7AB}.Debug|Any CPU.Build.0 = Debug|Any CPU
		{EE423AE5-2CC8-4AE0-BF4D-630B729BC7AB}.Release|Any CPU.ActiveCfg = Release|Any CPU
		{EE423AE5-2CC8-4AE0-BF4D-630B729BC7AB}.Release|Any CPU.Build.0 = Release|Any CPU
		{C764E927-1113-4921-A473-DC95B8040098}.Debug|Any CPU.ActiveCfg = Debug|Any CPU
		{C764E927-1113-4921-A473-DC95B8040098}.Debug|Any CPU.Build.0 = Debug|Any CPU
		{C764E927-1113-4921-A473-DC95B8040098}.Release|Any CPU.ActiveCfg = Release|Any CPU
		{C764E927-1113-4921-A473-DC95B8040098}.Release|Any CPU.Build.0 = Release|Any CPU
		{F289936B-568C-4801-A824-E88928AB1D83}.Debug|Any CPU.ActiveCfg = Debug|Any CPU
		{F289936B-568C-4801-A824-E88928AB1D83}.Debug|Any CPU.Build.0 = Debug|Any CPU
		{F289936B-568C-4801-A824-E88928AB1D83}.Release|Any CPU.ActiveCfg = Release|Any CPU
		{F289936B-568C-4801-A824-E88928AB1D83}.Release|Any CPU.Build.0 = Release|Any CPU
	EndGlobalSection
	GlobalSection(SolutionProperties) = preSolution
		HideSolutionNode = FALSE
	EndGlobalSection
	GlobalSection(NestedProjects) = preSolution
		{82D982F7-D198-4A17-AE1B-6C25739BEE1A} = {85936665-95B7-41EF-8FE1-4A2E189270C1}
		{8931F0CF-7F81-4A2D-BFE9-A8C4BA33C9F1} = {85936665-95B7-41EF-8FE1-4A2E189270C1}
		{279B702C-1CD8-4969-B747-87466334229E} = {85936665-95B7-41EF-8FE1-4A2E189270C1}
		{80B70D0B-3CE0-41D0-A0C5-3AB774621E82} = {85936665-95B7-41EF-8FE1-4A2E189270C1}
		{403B8CB6-B8FA-4703-843F-C408455BA126} = {EA595EF7-5E89-4C5D-BFCF-3871929B609D}
		{46B4BACC-84E7-4A9D-8AE1-1036EAA993E4} = {EA595EF7-5E89-4C5D-BFCF-3871929B609D}
		{EE423AE5-2CC8-4AE0-BF4D-630B729BC7AB} = {EA595EF7-5E89-4C5D-BFCF-3871929B609D}
		{C764E927-1113-4921-A473-DC95B8040098} = {EA595EF7-5E89-4C5D-BFCF-3871929B609D}
		{F289936B-568C-4801-A824-E88928AB1D83} = {EA595EF7-5E89-4C5D-BFCF-3871929B609D}
	EndGlobalSection
EndGlobal
